
Microsoft Visual Studio Solution File, Format Version 12.00
# Visual Studio Version 17
VisualStudioVersion = 17.10.34928.147
MinimumVisualStudioVersion = 10.0.40219.1
Project("{9A19103F-16F7-4668-BE54-9A1E7A4F7556}") = "ProConsulta", "ProConsulta\ProConsulta.csproj", "{92EBA99D-E8FA-4BDB-9EDF-74A9D859EEE3}"
EndProject
Global
	GlobalSection(SolutionConfigurationPlatforms) = preSolution
		Debug|Any CPU = Debug|Any CPU
		Release|Any CPU = Release|Any CPU
	EndGlobalSection
	GlobalSection(ProjectConfigurationPlatforms) = postSolution
		{92EBA99D-E8FA-4BDB-9EDF-74A9D859EEE3}.Debug|Any CPU.ActiveCfg = Debug|Any CPU
		{92EBA99D-E8FA-4BDB-9EDF-74A9D859EEE3}.Debug|Any CPU.Build.0 = Debug|Any CPU
		{92EBA99D-E8FA-4BDB-9EDF-74A9D859EEE3}.Release|Any CPU.ActiveCfg = Release|Any CPU
		{92EBA99D-E8FA-4BDB-9EDF-74A9D859EEE3}.Release|Any CPU.Build.0 = Release|Any CPU
	EndGlobalSection
	GlobalSection(SolutionProperties) = preSolution
		HideSolutionNode = FALSE
	EndGlobalSection
	GlobalSection(ExtensibilityGlobals) = postSolution
		SolutionGuid = {FE66B83E-B111-4462-BFE9-F6CA83EE8AFB}
	EndGlobalSection
EndGlobal
